
Microsoft Visual Studio Solution File, Format Version 12.00
# Visual Studio Version 17
VisualStudioVersion = 17.5.002.0
MinimumVisualStudioVersion = 10.0.40219.1
Project("{9A19103F-16F7-4668-BE54-9A1E7A4F7556}") = "SGE.Consola", "SGE.Consola.csproj", "{DB2A9865-7407-4643-AF87-89E16DED1C51}"
EndProject
Global
	GlobalSection(SolutionConfigurationPlatforms) = preSolution
		Debug|Any CPU = Debug|Any CPU
		Release|Any CPU = Release|Any CPU
	EndGlobalSection
	GlobalSection(ProjectConfigurationPlatforms) = postSolution
		{DB2A9865-7407-4643-AF87-89E16DED1C51}.Debug|Any CPU.ActiveCfg = Debug|Any CPU
		{DB2A9865-7407-4643-AF87-89E16DED1C51}.Debug|Any CPU.Build.0 = Debug|Any CPU
		{DB2A9865-7407-4643-AF87-89E16DED1C51}.Release|Any CPU.ActiveCfg = Release|Any CPU
		{DB2A9865-7407-4643-AF87-89E16DED1C51}.Release|Any CPU.Build.0 = Release|Any CPU
	EndGlobalSection
	GlobalSection(SolutionProperties) = preSolution
		HideSolutionNode = FALSE
	EndGlobalSection
	GlobalSection(ExtensibilityGlobals) = postSolution
		SolutionGuid = {D861913A-9C79-4F41-A086-1620A1CE4C3C}
	EndGlobalSection
EndGlobal
